
Microsoft Visual Studio Solution File, Format Version 12.00
# Visual Studio Version 17
VisualStudioVersion = 17.9.34701.34
MinimumVisualStudioVersion = 10.0.40219.1
Project("{8BC9CEB8-8B4A-11D0-8D11-00A0C91BC942}") = "Injector", "Injector.vcxproj", "{6FD0DE57-3573-4F6D-9EC9-B790E4AAF983}"
EndProject
Global
	GlobalSection(SolutionConfigurationPlatforms) = preSolution
		Debug|x64 = Debug|x64
		Debug|x86 = Debug|x86
		Release|x64 = Release|x64
		Release|x86 = Release|x86
	EndGlobalSection
	GlobalSection(ProjectConfigurationPlatforms) = postSolution
		{6FD0DE57-3573-4F6D-9EC9-B790E4AAF983}.Debug|x64.ActiveCfg = Debug|x64
		{6FD0DE57-3573-4F6D-9EC9-B790E4AAF983}.Debug|x64.Build.0 = Debug|x64
		{6FD0DE57-3573-4F6D-9EC9-B790E4AAF983}.Debug|x86.ActiveCfg = Debug|Win32
		{6FD0DE57-3573-4F6D-9EC9-B790E4AAF983}.Debug|x86.Build.0 = Debug|Win32
		{6FD0DE57-3573-4F6D-9EC9-B790E4AAF983}.Release|x64.ActiveCfg = Release|x64
		{6FD0DE57-3573-4F6D-9EC9-B790E4AAF983}.Release|x64.Build.0 = Release|x64
		{6FD0DE57-3573-4F6D-9EC9-B790E4AAF983}.Release|x86.ActiveCfg = Release|Win32
		{6FD0DE57-3573-4F6D-9EC9-B790E4AAF983}.Release|x86.Build.0 = Release|Win32
	EndGlobalSection
	GlobalSection(SolutionProperties) = preSolution
		HideSolutionNode = FALSE
	EndGlobalSection
	GlobalSection(ExtensibilityGlobals) = postSolution
		SolutionGuid = {F2F90BB9-8C91-4368-BB71-2D111AD184FD}
	EndGlobalSection
EndGlobal
